// !$*UTF8*$!
{
	archiveVersion = 1;
	classes = {
	};
	objectVersion = 56;
	objects = {

/* Begin PBXBuildFile section */
		E3001B762BDB3A5E008281D3 /* OrderTypeGridView.swift in Sources */ = {isa = PBXBuildFile; fileRef = E3001B752BDB3A5E008281D3 /* OrderTypeGridView.swift */; };
		E3001B792BDB3F34008281D3 /* OrderType.swift in Sources */ = {isa = PBXBuildFile; fileRef = E3001B782BDB3F34008281D3 /* OrderType.swift */; };
		E3001B7B2BDB3FE4008281D3 /* DataSourceMock.swift in Sources */ = {isa = PBXBuildFile; fileRef = E3001B7A2BDB3FE4008281D3 /* DataSourceMock.swift */; };
		E306D0D12BE6C6D600B34192 /* StoreDetailView.swift in Sources */ = {isa = PBXBuildFile; fileRef = E306D0D02BE6C6D600B34192 /* StoreDetailView.swift */; };
		E31A9D212BE0632100FBBAC3 /* StoreItemView.swift in Sources */ = {isa = PBXBuildFile; fileRef = E31A9D202BE0632100FBBAC3 /* StoreItemView.swift */; };
		E31A9D232BE073F400FBBAC3 /* StoresContainerView.swift in Sources */ = {isa = PBXBuildFile; fileRef = E31A9D222BE073F400FBBAC3 /* StoresContainerView.swift */; };
		E334857A2BDCA10700DE6A12 /* OrderTypeView.swift in Sources */ = {isa = PBXBuildFile; fileRef = E33485792BDCA10700DE6A12 /* OrderTypeView.swift */; };
		E3525E6F2BDF3F9B002E32A8 /* CarouselItemView.swift in Sources */ = {isa = PBXBuildFile; fileRef = E3525E6E2BDF3F9B002E32A8 /* CarouselItemView.swift */; };
		E3525E712BDF4194002E32A8 /* CarouselTabView.swift in Sources */ = {isa = PBXBuildFile; fileRef = E3525E702BDF4194002E32A8 /* CarouselTabView.swift */; };
		E38EFEFD2BD9E3C300E46841 /* ChefDeliveryApp.swift in Sources */ = {isa = PBXBuildFile; fileRef = E38EFEFC2BD9E3C300E46841 /* ChefDeliveryApp.swift */; };
		E38EFEFF2BD9E3C300E46841 /* ContentView.swift in Sources */ = {isa = PBXBuildFile; fileRef = E38EFEFE2BD9E3C300E46841 /* ContentView.swift */; };
		E38EFF012BD9E3C300E46841 /* Assets.xcassets in Resources */ = {isa = PBXBuildFile; fileRef = E38EFF002BD9E3C300E46841 /* Assets.xcassets */; };
		E38EFF042BD9E3C300E46841 /* Preview Assets.xcassets in Resources */ = {isa = PBXBuildFile; fileRef = E38EFF032BD9E3C300E46841 /* Preview Assets.xcassets */; };
		E38EFF0D2BD9F2A800E46841 /* NavigationBar.swift in Sources */ = {isa = PBXBuildFile; fileRef = E38EFF0C2BD9F2A800E46841 /* NavigationBar.swift */; };
		E3EC211B2BE71CA400B0B233 /* StoreType.swift in Sources */ = {isa = PBXBuildFile; fileRef = E3EC211A2BE71CA400B0B233 /* StoreType.swift */; };
		E3EC211D2BE71D2500B0B233 /* ProductType.swift in Sources */ = {isa = PBXBuildFile; fileRef = E3EC211C2BE71D2500B0B233 /* ProductType.swift */; };
		E3EC21202BE7295400B0B233 /* Double+.swift in Sources */ = {isa = PBXBuildFile; fileRef = E3EC211F2BE7295400B0B233 /* Double+.swift */; };
/* End PBXBuildFile section */

/* Begin PBXFileReference section */
		E3001B752BDB3A5E008281D3 /* OrderTypeGridView.swift */ = {isa = PBXFileReference; lastKnownFileType = sourcecode.swift; path = OrderTypeGridView.swift; sourceTree = "<group>"; };
		E3001B782BDB3F34008281D3 /* OrderType.swift */ = {isa = PBXFileReference; lastKnownFileType = sourcecode.swift; path = OrderType.swift; sourceTree = "<group>"; };
		E3001B7A2BDB3FE4008281D3 /* DataSourceMock.swift */ = {isa = PBXFileReference; lastKnownFileType = sourcecode.swift; path = DataSourceMock.swift; sourceTree = "<group>"; };
		E306D0D02BE6C6D600B34192 /* StoreDetailView.swift */ = {isa = PBXFileReference; lastKnownFileType = sourcecode.swift; path = StoreDetailView.swift; sourceTree = "<group>"; };
		E31A9D202BE0632100FBBAC3 /* StoreItemView.swift */ = {isa = PBXFileReference; lastKnownFileType = sourcecode.swift; path = StoreItemView.swift; sourceTree = "<group>"; };
		E31A9D222BE073F400FBBAC3 /* StoresContainerView.swift */ = {isa = PBXFileReference; lastKnownFileType = sourcecode.swift; path = StoresContainerView.swift; sourceTree = "<group>"; };
		E33485792BDCA10700DE6A12 /* OrderTypeView.swift */ = {isa = PBXFileReference; lastKnownFileType = sourcecode.swift; path = OrderTypeView.swift; sourceTree = "<group>"; };
		E3525E6E2BDF3F9B002E32A8 /* CarouselItemView.swift */ = {isa = PBXFileReference; lastKnownFileType = sourcecode.swift; path = CarouselItemView.swift; sourceTree = "<group>"; };
		E3525E702BDF4194002E32A8 /* CarouselTabView.swift */ = {isa = PBXFileReference; lastKnownFileType = sourcecode.swift; path = CarouselTabView.swift; sourceTree = "<group>"; };
		E38EFEF92BD9E3C300E46841 /* ChefDelivery.app */ = {isa = PBXFileReference; explicitFileType = wrapper.application; includeInIndex = 0; path = ChefDelivery.app; sourceTree = BUILT_PRODUCTS_DIR; };
		E38EFEFC2BD9E3C300E46841 /* ChefDeliveryApp.swift */ = {isa = PBXFileReference; lastKnownFileType = sourcecode.swift; path = ChefDeliveryApp.swift; sourceTree = "<group>"; };
		E38EFEFE2BD9E3C300E46841 /* ContentView.swift */ = {isa = PBXFileReference; lastKnownFileType = sourcecode.swift; path = ContentView.swift; sourceTree = "<group>"; };
		E38EFF002BD9E3C300E46841 /* Assets.xcassets */ = {isa = PBXFileReference; lastKnownFileType = folder.assetcatalog; path = Assets.xcassets; sourceTree = "<group>"; };
		E38EFF032BD9E3C300E46841 /* Preview Assets.xcassets */ = {isa = PBXFileReference; lastKnownFileType = folder.assetcatalog; path = "Preview Assets.xcassets"; sourceTree = "<group>"; };
		E38EFF0C2BD9F2A800E46841 /* NavigationBar.swift */ = {isa = PBXFileReference; lastKnownFileType = sourcecode.swift; path = NavigationBar.swift; sourceTree = "<group>"; };
		E3EC211A2BE71CA400B0B233 /* StoreType.swift */ = {isa = PBXFileReference; lastKnownFileType = sourcecode.swift; path = StoreType.swift; sourceTree = "<group>"; };
		E3EC211C2BE71D2500B0B233 /* ProductType.swift */ = {isa = PBXFileReference; lastKnownFileType = sourcecode.swift; path = ProductType.swift; sourceTree = "<group>"; };
		E3EC211F2BE7295400B0B233 /* Double+.swift */ = {isa = PBXFileReference; lastKnownFileType = sourcecode.swift; path = "Double+.swift"; sourceTree = "<group>"; };
/* End PBXFileReference section */

/* Begin PBXFrameworksBuildPhase section */
		E38EFEF62BD9E3C300E46841 /* Frameworks */ = {
			isa = PBXFrameworksBuildPhase;
			buildActionMask = 2147483647;
			files = (
			);
			runOnlyForDeploymentPostprocessing = 0;
		};
/* End PBXFrameworksBuildPhase section */

/* Begin PBXGroup section */
		E3001B742BDB3A29008281D3 /* GridView */ = {
			isa = PBXGroup;
			children = (
				E3001B752BDB3A5E008281D3 /* OrderTypeGridView.swift */,
				E33485792BDCA10700DE6A12 /* OrderTypeView.swift */,
			);
			path = GridView;
			sourceTree = "<group>";
		};
		E3001B772BDB3EFF008281D3 /* Model */ = {
			isa = PBXGroup;
			children = (
				E3001B782BDB3F34008281D3 /* OrderType.swift */,
				E3001B7A2BDB3FE4008281D3 /* DataSourceMock.swift */,
				E3EC211A2BE71CA400B0B233 /* StoreType.swift */,
				E3EC211C2BE71D2500B0B233 /* ProductType.swift */,
			);
			path = Model;
			sourceTree = "<group>";
		};
		E31A9D1F2BE0630800FBBAC3 /* StoresView */ = {
			isa = PBXGroup;
			children = (
				E31A9D202BE0632100FBBAC3 /* StoreItemView.swift */,
				E31A9D222BE073F400FBBAC3 /* StoresContainerView.swift */,
				E306D0D02BE6C6D600B34192 /* StoreDetailView.swift */,
			);
			path = StoresView;
			sourceTree = "<group>";
		};
		E3525E6D2BDF3F61002E32A8 /* CarouselView */ = {
			isa = PBXGroup;
			children = (
				E3525E6E2BDF3F9B002E32A8 /* CarouselItemView.swift */,
				E3525E702BDF4194002E32A8 /* CarouselTabView.swift */,
			);
			path = CarouselView;
			sourceTree = "<group>";
		};
		E38EFEF02BD9E3C300E46841 = {
			isa = PBXGroup;
			children = (
				E38EFEFB2BD9E3C300E46841 /* ChefDelivery */,
				E38EFEFA2BD9E3C300E46841 /* Products */,
			);
			sourceTree = "<group>";
		};
		E38EFEFA2BD9E3C300E46841 /* Products */ = {
			isa = PBXGroup;
			children = (
				E38EFEF92BD9E3C300E46841 /* ChefDelivery.app */,
			);
			name = Products;
			sourceTree = "<group>";
		};
		E38EFEFB2BD9E3C300E46841 /* ChefDelivery */ = {
			isa = PBXGroup;
			children = (
				E3EC211E2BE7293700B0B233 /* Extension */,
				E38EFF0B2BD9F26F00E46841 /* App */,
				E3001B772BDB3EFF008281D3 /* Model */,
				E38EFF0A2BD9F23B00E46841 /* NavigationBar */,
				E3001B742BDB3A29008281D3 /* GridView */,
				E3525E6D2BDF3F61002E32A8 /* CarouselView */,
				E31A9D1F2BE0630800FBBAC3 /* StoresView */,
				E38EFF002BD9E3C300E46841 /* Assets.xcassets */,
				E38EFF022BD9E3C300E46841 /* Preview Content */,
			);
			path = ChefDelivery;
			sourceTree = "<group>";
		};
		E38EFF022BD9E3C300E46841 /* Preview Content */ = {
			isa = PBXGroup;
			children = (
				E38EFF032BD9E3C300E46841 /* Preview Assets.xcassets */,
			);
			path = "Preview Content";
			sourceTree = "<group>";
		};
		E38EFF0A2BD9F23B00E46841 /* NavigationBar */ = {
			isa = PBXGroup;
			children = (
				E38EFF0C2BD9F2A800E46841 /* NavigationBar.swift */,
			);
			path = NavigationBar;
			sourceTree = "<group>";
		};
		E38EFF0B2BD9F26F00E46841 /* App */ = {
			isa = PBXGroup;
			children = (
				E38EFEFC2BD9E3C300E46841 /* ChefDeliveryApp.swift */,
				E38EFEFE2BD9E3C300E46841 /* ContentView.swift */,
			);
			path = App;
			sourceTree = "<group>";
		};
		E3EC211E2BE7293700B0B233 /* Extension */ = {
			isa = PBXGroup;
			children = (
				E3EC211F2BE7295400B0B233 /* Double+.swift */,
			);
			path = Extension;
			sourceTree = "<group>";
		};
/* End PBXGroup section */

/* Begin PBXNativeTarget section */
		E38EFEF82BD9E3C300E46841 /* ChefDelivery */ = {
			isa = PBXNativeTarget;
			buildConfigurationList = E38EFF072BD9E3C300E46841 /* Build configuration list for PBXNativeTarget "ChefDelivery" */;
			buildPhases = (
				E38EFEF52BD9E3C300E46841 /* Sources */,
				E38EFEF62BD9E3C300E46841 /* Frameworks */,
				E38EFEF72BD9E3C300E46841 /* Resources */,
			);
			buildRules = (
			);
			dependencies = (
			);
			name = ChefDelivery;
			productName = ChefDelivery;
			productReference = E38EFEF92BD9E3C300E46841 /* ChefDelivery.app */;
			productType = "com.apple.product-type.application";
		};
/* End PBXNativeTarget section */

/* Begin PBXProject section */
		E38EFEF12BD9E3C300E46841 /* Project object */ = {
			isa = PBXProject;
			attributes = {
				BuildIndependentTargetsInParallel = 1;
				LastSwiftUpdateCheck = 1530;
				LastUpgradeCheck = 1530;
				TargetAttributes = {
					E38EFEF82BD9E3C300E46841 = {
						CreatedOnToolsVersion = 15.3;
					};
				};
			};
			buildConfigurationList = E38EFEF42BD9E3C300E46841 /* Build configuration list for PBXProject "ChefDelivery" */;
			compatibilityVersion = "Xcode 14.0";
			developmentRegion = en;
			hasScannedForEncodings = 0;
			knownRegions = (
				en,
				Base,
			);
			mainGroup = E38EFEF02BD9E3C300E46841;
			productRefGroup = E38EFEFA2BD9E3C300E46841 /* Products */;
			projectDirPath = "";
			projectRoot = "";
			targets = (
				E38EFEF82BD9E3C300E46841 /* ChefDelivery */,
			);
		};
/* End PBXProject section */

/* Begin PBXResourcesBuildPhase section */
		E38EFEF72BD9E3C300E46841 /* Resources */ = {
			isa = PBXResourcesBuildPhase;
			buildActionMask = 2147483647;
			files = (
				E38EFF042BD9E3C300E46841 /* Preview Assets.xcassets in Resources */,
				E38EFF012BD9E3C300E46841 /* Assets.xcassets in Resources */,
			);
			runOnlyForDeploymentPostprocessing = 0;
		};
/* End PBXResourcesBuildPhase section */

/* Begin PBXSourcesBuildPhase section */
		E38EFEF52BD9E3C300E46841 /* Sources */ = {
			isa = PBXSourcesBuildPhase;
			buildActionMask = 2147483647;
			files = (
				E3001B792BDB3F34008281D3 /* OrderType.swift in Sources */,
				E3EC211D2BE71D2500B0B233 /* ProductType.swift in Sources */,
				E3525E6F2BDF3F9B002E32A8 /* CarouselItemView.swift in Sources */,
				E38EFEFF2BD9E3C300E46841 /* ContentView.swift in Sources */,
				E3EC21202BE7295400B0B233 /* Double+.swift in Sources */,
				E3001B7B2BDB3FE4008281D3 /* DataSourceMock.swift in Sources */,
				E31A9D232BE073F400FBBAC3 /* StoresContainerView.swift in Sources */,
				E334857A2BDCA10700DE6A12 /* OrderTypeView.swift in Sources */,
				E31A9D212BE0632100FBBAC3 /* StoreItemView.swift in Sources */,
				E306D0D12BE6C6D600B34192 /* StoreDetailView.swift in Sources */,
				E3001B762BDB3A5E008281D3 /* OrderTypeGridView.swift in Sources */,
				E38EFEFD2BD9E3C300E46841 /* ChefDeliveryApp.swift in Sources */,
				E38EFF0D2BD9F2A800E46841 /* NavigationBar.swift in Sources */,
				E3EC211B2BE71CA400B0B233 /* StoreType.swift in Sources */,
				E3525E712BDF4194002E32A8 /* CarouselTabView.swift in Sources */,
			);
			runOnlyForDeploymentPostprocessing = 0;
		};
/* End PBXSourcesBuildPhase section */

/* Begin XCBuildConfiguration section */
		E38EFF052BD9E3C300E46841 /* Debug */ = {
			isa = XCBuildConfiguration;
			buildSettings = {
				ALWAYS_SEARCH_USER_PATHS = NO;
				ASSETCATALOG_COMPILER_GENERATE_SWIFT_ASSET_SYMBOL_EXTENSIONS = YES;
				CLANG_ANALYZER_NONNULL = YES;
				CLANG_ANALYZER_NUMBER_OBJECT_CONVERSION = YES_AGGRESSIVE;
				CLANG_CXX_LANGUAGE_STANDARD = "gnu++20";
				CLANG_ENABLE_MODULES = YES;
				CLANG_ENABLE_OBJC_ARC = YES;
				CLANG_ENABLE_OBJC_WEAK = YES;
				CLANG_WARN_BLOCK_CAPTURE_AUTORELEASING = YES;
				CLANG_WARN_BOOL_CONVERSION = YES;
				CLANG_WARN_COMMA = YES;
				CLANG_WARN_CONSTANT_CONVERSION = YES;
				CLANG_WARN_DEPRECATED_OBJC_IMPLEMENTATIONS = YES;
				CLANG_WARN_DIRECT_OBJC_ISA_USAGE = YES_ERROR;
				CLANG_WARN_DOCUMENTATION_COMMENTS = YES;
				CLANG_WARN_EMPTY_BODY = YES;
				CLANG_WARN_ENUM_CONVERSION = YES;
				CLANG_WARN_INFINITE_RECURSION = YES;
				CLANG_WARN_INT_CONVERSION = YES;
				CLANG_WARN_NON_LITERAL_NULL_CONVERSION = YES;
				CLANG_WARN_OBJC_IMPLICIT_RETAIN_SELF = YES;
				CLANG_WARN_OBJC_LITERAL_CONVERSION = YES;
				CLANG_WARN_OBJC_ROOT_CLASS = YES_ERROR;
				CLANG_WARN_QUOTED_INCLUDE_IN_FRAMEWORK_HEADER = YES;
				CLANG_WARN_RANGE_LOOP_ANALYSIS = YES;
				CLANG_WARN_STRICT_PROTOTYPES = YES;
				CLANG_WARN_SUSPICIOUS_MOVE = YES;
				CLANG_WARN_UNGUARDED_AVAILABILITY = YES_AGGRESSIVE;
				CLANG_WARN_UNREACHABLE_CODE = YES;
				CLANG_WARN__DUPLICATE_METHOD_MATCH = YES;
				COPY_PHASE_STRIP = NO;
				DEBUG_INFORMATION_FORMAT = dwarf;
				ENABLE_STRICT_OBJC_MSGSEND = YES;
				ENABLE_TESTABILITY = YES;
				ENABLE_USER_SCRIPT_SANDBOXING = YES;
				GCC_C_LANGUAGE_STANDARD = gnu17;
				GCC_DYNAMIC_NO_PIC = NO;
				GCC_NO_COMMON_BLOCKS = YES;
				GCC_OPTIMIZATION_LEVEL = 0;
				GCC_PREPROCESSOR_DEFINITIONS = (
					"DEBUG=1",
					"$(inherited)",
				);
				GCC_WARN_64_TO_32_BIT_CONVERSION = YES;
				GCC_WARN_ABOUT_RETURN_TYPE = YES_ERROR;
				GCC_WARN_UNDECLARED_SELECTOR = YES;
				GCC_WARN_UNINITIALIZED_AUTOS = YES_AGGRESSIVE;
				GCC_WARN_UNUSED_FUNCTION = YES;
				GCC_WARN_UNUSED_VARIABLE = YES;
				IPHONEOS_DEPLOYMENT_TARGET = 17.4;
				LOCALIZATION_PREFERS_STRING_CATALOGS = YES;
				MTL_ENABLE_DEBUG_INFO = INCLUDE_SOURCE;
				MTL_FAST_MATH = YES;
				ONLY_ACTIVE_ARCH = YES;
				SDKROOT = iphoneos;
				SWIFT_ACTIVE_COMPILATION_CONDITIONS = "DEBUG $(inherited)";
				SWIFT_OPTIMIZATION_LEVEL = "-Onone";
			};
			name = Debug;
		};
		E38EFF062BD9E3C300E46841 /* Release */ = {
			isa = XCBuildConfiguration;
			buildSettings = {
				ALWAYS_SEARCH_USER_PATHS = NO;
				ASSETCATALOG_COMPILER_GENERATE_SWIFT_ASSET_SYMBOL_EXTENSIONS = YES;
				CLANG_ANALYZER_NONNULL = YES;
				CLANG_ANALYZER_NUMBER_OBJECT_CONVERSION = YES_AGGRESSIVE;
				CLANG_CXX_LANGUAGE_STANDARD = "gnu++20";
				CLANG_ENABLE_MODULES = YES;
				CLANG_ENABLE_OBJC_ARC = YES;
				CLANG_ENABLE_OBJC_WEAK = YES;
				CLANG_WARN_BLOCK_CAPTURE_AUTORELEASING = YES;
				CLANG_WARN_BOOL_CONVERSION = YES;
				CLANG_WARN_COMMA = YES;
				CLANG_WARN_CONSTANT_CONVERSION = YES;
				CLANG_WARN_DEPRECATED_OBJC_IMPLEMENTATIONS = YES;
				CLANG_WARN_DIRECT_OBJC_ISA_USAGE = YES_ERROR;
				CLANG_WARN_DOCUMENTATION_COMMENTS = YES;
				CLANG_WARN_EMPTY_BODY = YES;
				CLANG_WARN_ENUM_CONVERSION = YES;
				CLANG_WARN_INFINITE_RECURSION = YES;
				CLANG_WARN_INT_CONVERSION = YES;
				CLANG_WARN_NON_LITERAL_NULL_CONVERSION = YES;
				CLANG_WARN_OBJC_IMPLICIT_RETAIN_SELF = YES;
				CLANG_WARN_OBJC_LITERAL_CONVERSION = YES;
				CLANG_WARN_OBJC_ROOT_CLASS = YES_ERROR;
				CLANG_WARN_QUOTED_INCLUDE_IN_FRAMEWORK_HEADER = YES;
				CLANG_WARN_RANGE_LOOP_ANALYSIS = YES;
				CLANG_WARN_STRICT_PROTOTYPES = YES;
				CLANG_WARN_SUSPICIOUS_MOVE = YES;
				CLANG_WARN_UNGUARDED_AVAILABILITY = YES_AGGRESSIVE;
				CLANG_WARN_UNREACHABLE_CODE = YES;
				CLANG_WARN__DUPLICATE_METHOD_MATCH = YES;
				COPY_PHASE_STRIP = NO;
				DEBUG_INFORMATION_FORMAT = "dwarf-with-dsym";
				ENABLE_NS_ASSERTIONS = NO;
				ENABLE_STRICT_OBJC_MSGSEND = YES;
				ENABLE_USER_SCRIPT_SANDBOXING = YES;
				GCC_C_LANGUAGE_STANDARD = gnu17;
				GCC_NO_COMMON_BLOCKS = YES;
				GCC_WARN_64_TO_32_BIT_CONVERSION = YES;
				GCC_WARN_ABOUT_RETURN_TYPE = YES_ERROR;
				GCC_WARN_UNDECLARED_SELECTOR = YES;
				GCC_WARN_UNINITIALIZED_AUTOS = YES_AGGRESSIVE;
				GCC_WARN_UNUSED_FUNCTION = YES;
				GCC_WARN_UNUSED_VARIABLE = YES;
				IPHONEOS_DEPLOYMENT_TARGET = 17.4;
				LOCALIZATION_PREFERS_STRING_CATALOGS = YES;
				MTL_ENABLE_DEBUG_INFO = NO;
				MTL_FAST_MATH = YES;
				SDKROOT = iphoneos;
				SWIFT_COMPILATION_MODE = wholemodule;
				VALIDATE_PRODUCT = YES;
			};
			name = Release;
		};
		E38EFF082BD9E3C300E46841 /* Debug */ = {
			isa = XCBuildConfiguration;
			buildSettings = {
				ASSETCATALOG_COMPILER_APPICON_NAME = AppIcon;
				ASSETCATALOG_COMPILER_GLOBAL_ACCENT_COLOR_NAME = AccentColor;
				CODE_SIGN_STYLE = Automatic;
				CURRENT_PROJECT_VERSION = 1;
				DEVELOPMENT_ASSET_PATHS = "\"ChefDelivery/Preview Content\"";
				ENABLE_PREVIEWS = YES;
				GENERATE_INFOPLIST_FILE = YES;
				INFOPLIST_KEY_UIApplicationSceneManifest_Generation = YES;
				INFOPLIST_KEY_UIApplicationSupportsIndirectInputEvents = YES;
				INFOPLIST_KEY_UILaunchScreen_Generation = YES;
				INFOPLIST_KEY_UISupportedInterfaceOrientations_iPad = "UIInterfaceOrientationPortrait UIInterfaceOrientationPortraitUpsideDown UIInterfaceOrientationLandscapeLeft UIInterfaceOrientationLandscapeRight";
				INFOPLIST_KEY_UISupportedInterfaceOrientations_iPhone = "UIInterfaceOrientationPortrait UIInterfaceOrientationLandscapeLeft UIInterfaceOrientationLandscapeRight";
				LD_RUNPATH_SEARCH_PATHS = (
					"$(inherited)",
					"@executable_path/Frameworks",
				);
				MARKETING_VERSION = 1.0;
				PRODUCT_BUNDLE_IDENTIFIER = "Simple-Code.ChefDelivery";
				PRODUCT_NAME = "$(TARGET_NAME)";
				SWIFT_EMIT_LOC_STRINGS = YES;
				SWIFT_VERSION = 5.0;
				TARGETED_DEVICE_FAMILY = "1,2";
			};
			name = Debug;
		};
		E38EFF092BD9E3C300E46841 /* Release */ = {
			isa = XCBuildConfiguration;
			buildSettings = {
				ASSETCATALOG_COMPILER_APPICON_NAME = AppIcon;
				ASSETCATALOG_COMPILER_GLOBAL_ACCENT_COLOR_NAME = AccentColor;
				CODE_SIGN_STYLE = Automatic;
				CURRENT_PROJECT_VERSION = 1;
				DEVELOPMENT_ASSET_PATHS = "\"ChefDelivery/Preview Content\"";
				ENABLE_PREVIEWS = YES;
				GENERATE_INFOPLIST_FILE = YES;
				INFOPLIST_KEY_UIApplicationSceneManifest_Generation = YES;
				INFOPLIST_KEY_UIApplicationSupportsIndirectInputEvents = YES;
				INFOPLIST_KEY_UILaunchScreen_Generation = YES;
				INFOPLIST_KEY_UISupportedInterfaceOrientations_iPad = "UIInterfaceOrientationPortrait UIInterfaceOrientationPortraitUpsideDown UIInterfaceOrientationLandscapeLeft UIInterfaceOrientationLandscapeRight";
				INFOPLIST_KEY_UISupportedInterfaceOrientations_iPhone = "UIInterfaceOrientationPortrait UIInterfaceOrientationLandscapeLeft UIInterfaceOrientationLandscapeRight";
				LD_RUNPATH_SEARCH_PATHS = (
					"$(inherited)",
					"@executable_path/Frameworks",
				);
				MARKETING_VERSION = 1.0;
				PRODUCT_BUNDLE_IDENTIFIER = "Simple-Code.ChefDelivery";
				PRODUCT_NAME = "$(TARGET_NAME)";
				SWIFT_EMIT_LOC_STRINGS = YES;
				SWIFT_VERSION = 5.0;
				TARGETED_DEVICE_FAMILY = "1,2";
			};
			name = Release;
		};
/* End XCBuildConfiguration section */

/* Begin XCConfigurationList section */
		E38EFEF42BD9E3C300E46841 /* Build configuration list for PBXProject "ChefDelivery" */ = {
			isa = XCConfigurationList;
			buildConfigurations = (
				E38EFF052BD9E3C300E46841 /* Debug */,
				E38EFF062BD9E3C300E46841 /* Release */,
			);
			defaultConfigurationIsVisible = 0;
			defaultConfigurationName = Release;
		};
		E38EFF072BD9E3C300E46841 /* Build configuration list for PBXNativeTarget "ChefDelivery" */ = {
			isa = XCConfigurationList;
			buildConfigurations = (
				E38EFF082BD9E3C300E46841 /* Debug */,
				E38EFF092BD9E3C300E46841 /* Release */,
			);
			defaultConfigurationIsVisible = 0;
			defaultConfigurationName = Release;
		};
/* End XCConfigurationList section */
	};
	rootObject = E38EFEF12BD9E3C300E46841 /* Project object */;
}
